// !$*UTF8*$!
{
	archiveVersion = 1;
	classes = {
	};
	objectVersion = 55;
	objects = {

/* Begin PBXBuildFile section */
		4D2EB4C168E74C146F3FCF3B /* Pods_Yummie.framework in Frameworks */ = {isa = PBXBuildFile; fileRef = 8CA30EDC29CE295EADD41D8C /* Pods_Yummie.framework */; };
		920572FF2AAB7C6600CF26D6 /* Chef's Specials.swift in Sources */ = {isa = PBXBuildFile; fileRef = 920572FE2AAB7C6600CF26D6 /* Chef's Specials.swift */; };
		920573002AAB813400CF26D6 /* ChefsSpecialsCollectionViewCell.xib in Resources */ = {isa = PBXBuildFile; fileRef = 92F484572AA8D927009507BD /* ChefsSpecialsCollectionViewCell.xib */; };
		921E8DBC2AA3362E0025D52E /* UITableViewEx.swift in Sources */ = {isa = PBXBuildFile; fileRef = 921E8DAE2AA3362E0025D52E /* UITableViewEx.swift */; };
		921E8DBD2AA3362E0025D52E /* UIStoryboredEx.swift in Sources */ = {isa = PBXBuildFile; fileRef = 921E8DAF2AA3362E0025D52E /* UIStoryboredEx.swift */; };
		921E8DBE2AA3362E0025D52E /* UIViewEx.swift in Sources */ = {isa = PBXBuildFile; fileRef = 921E8DB02AA3362E0025D52E /* UIViewEx.swift */; };
		921E8DBF2AA3362E0025D52E /* NSNumberEx.swift in Sources */ = {isa = PBXBuildFile; fileRef = 921E8DB12AA3362E0025D52E /* NSNumberEx.swift */; };
		921E8DC02AA3362E0025D52E /* UIColorEx.swift in Sources */ = {isa = PBXBuildFile; fileRef = 921E8DB22AA3362E0025D52E /* UIColorEx.swift */; };
		921E8DC12AA3362E0025D52E /* UIViewControllerEx.swift in Sources */ = {isa = PBXBuildFile; fileRef = 921E8DB32AA3362E0025D52E /* UIViewControllerEx.swift */; };
		921E8DC22AA3362E0025D52E /* UIResponderEx.swift in Sources */ = {isa = PBXBuildFile; fileRef = 921E8DB42AA3362E0025D52E /* UIResponderEx.swift */; };
		921E8DC32AA3362E0025D52E /* UITextField.swift in Sources */ = {isa = PBXBuildFile; fileRef = 921E8DB52AA3362E0025D52E /* UITextField.swift */; };
		921E8DC42AA3362E0025D52E /* UITabBarEx.swift in Sources */ = {isa = PBXBuildFile; fileRef = 921E8DB62AA3362E0025D52E /* UITabBarEx.swift */; };
		921E8DC52AA3362E0025D52E /* UICollectionViewEx.swift in Sources */ = {isa = PBXBuildFile; fileRef = 921E8DB72AA3362E0025D52E /* UICollectionViewEx.swift */; };
		921E8DC62AA3362E0025D52E /* UIButtonEx.swift in Sources */ = {isa = PBXBuildFile; fileRef = 921E8DB82AA3362E0025D52E /* UIButtonEx.swift */; };
		921E8DC72AA3362E0025D52E /* UIApplectionEx.swift in Sources */ = {isa = PBXBuildFile; fileRef = 921E8DB92AA3362E0025D52E /* UIApplectionEx.swift */; };
		921E8DC82AA3362E0025D52E /* UIStringEx.swift in Sources */ = {isa = PBXBuildFile; fileRef = 921E8DBA2AA3362E0025D52E /* UIStringEx.swift */; };
		921E8DC92AA3362E0025D52E /* UIKitEx.swift in Sources */ = {isa = PBXBuildFile; fileRef = 921E8DBB2AA3362E0025D52E /* UIKitEx.swift */; };
		921E8DCB2AA336A30025D52E /* MainNavigationViewController.swift in Sources */ = {isa = PBXBuildFile; fileRef = 921E8DCA2AA336A30025D52E /* MainNavigationViewController.swift */; };
		921E8DCF2AA358000025D52E /* OnboardingScreens.swift in Sources */ = {isa = PBXBuildFile; fileRef = 921E8DCE2AA358000025D52E /* OnboardingScreens.swift */; };
		921E8DD52AA376690025D52E /* OnboardingCollectionViewCell.swift in Sources */ = {isa = PBXBuildFile; fileRef = 921E8DD32AA376690025D52E /* OnboardingCollectionViewCell.swift */; };
		921E8DD62AA376690025D52E /* OnboardingCollectionViewCell.xib in Resources */ = {isa = PBXBuildFile; fileRef = 921E8DD42AA376690025D52E /* OnboardingCollectionViewCell.xib */; };
		921E8DDA2AA3BBE70025D52E /* HomeViewController.swift in Sources */ = {isa = PBXBuildFile; fileRef = 921E8DD92AA3BBE70025D52E /* HomeViewController.swift */; };
		92821F932AA21429000D665D /* AppDelegate.swift in Sources */ = {isa = PBXBuildFile; fileRef = 92821F922AA21429000D665D /* AppDelegate.swift */; };
		92821F952AA21429000D665D /* SceneDelegate.swift in Sources */ = {isa = PBXBuildFile; fileRef = 92821F942AA21429000D665D /* SceneDelegate.swift */; };
		92821F972AA21429000D665D /* OnboardingViewController.swift in Sources */ = {isa = PBXBuildFile; fileRef = 92821F962AA21429000D665D /* OnboardingViewController.swift */; };
		92821F9A2AA21429000D665D /* Main.storyboard in Resources */ = {isa = PBXBuildFile; fileRef = 92821F982AA21429000D665D /* Main.storyboard */; };
		92821F9C2AA2142B000D665D /* Assets.xcassets in Resources */ = {isa = PBXBuildFile; fileRef = 92821F9B2AA2142B000D665D /* Assets.xcassets */; };
		92821F9F2AA2142B000D665D /* LaunchScreen.storyboard in Resources */ = {isa = PBXBuildFile; fileRef = 92821F9D2AA2142B000D665D /* LaunchScreen.storyboard */; };
		92F484532AA8D8CF009507BD /* PopularDishesCollectionViewCell.swift in Sources */ = {isa = PBXBuildFile; fileRef = 92F484512AA8D8CF009507BD /* PopularDishesCollectionViewCell.swift */; };
		92F484542AA8D8CF009507BD /* PopularDishesCollectionViewCell.xib in Resources */ = {isa = PBXBuildFile; fileRef = 92F484522AA8D8CF009507BD /* PopularDishesCollectionViewCell.xib */; };
		92F484582AA8D927009507BD /* ChefsSpecialsCollectionViewCell.swift in Sources */ = {isa = PBXBuildFile; fileRef = 92F484562AA8D927009507BD /* ChefsSpecialsCollectionViewCell.swift */; };
		92F4845B2AA8DBF7009507BD /* Popular Dishes.swift in Sources */ = {isa = PBXBuildFile; fileRef = 92F4845A2AA8DBF7009507BD /* Popular Dishes.swift */; };
		92FB58942AA60456001F69D0 /* FoodCategoryCollectionViewCell.swift in Sources */ = {isa = PBXBuildFile; fileRef = 92FB58922AA60456001F69D0 /* FoodCategoryCollectionViewCell.swift */; };
		92FB58952AA60456001F69D0 /* FoodCategoryCollectionViewCell.xib in Resources */ = {isa = PBXBuildFile; fileRef = 92FB58932AA60456001F69D0 /* FoodCategoryCollectionViewCell.xib */; };
		92FB58982AA61E2F001F69D0 /* FoodCategory.swift in Sources */ = {isa = PBXBuildFile; fileRef = 92FB58972AA61E2F001F69D0 /* FoodCategory.swift */; };
/* End PBXBuildFile section */

/* Begin PBXFileReference section */
		2B25944BCC1F213F0A8D57E4 /* Pods-Yummie.release.xcconfig */ = {isa = PBXFileReference; includeInIndex = 1; lastKnownFileType = text.xcconfig; name = "Pods-Yummie.release.xcconfig"; path = "Target Support Files/Pods-Yummie/Pods-Yummie.release.xcconfig"; sourceTree = "<group>"; };
		79B0AF46650C26ACED981326 /* Pods-Yummie.debug.xcconfig */ = {isa = PBXFileReference; includeInIndex = 1; lastKnownFileType = text.xcconfig; name = "Pods-Yummie.debug.xcconfig"; path = "Target Support Files/Pods-Yummie/Pods-Yummie.debug.xcconfig"; sourceTree = "<group>"; };
		8CA30EDC29CE295EADD41D8C /* Pods_Yummie.framework */ = {isa = PBXFileReference; explicitFileType = wrapper.framework; includeInIndex = 0; path = Pods_Yummie.framework; sourceTree = BUILT_PRODUCTS_DIR; };
		920572FE2AAB7C6600CF26D6 /* Chef's Specials.swift */ = {isa = PBXFileReference; lastKnownFileType = sourcecode.swift; path = "Chef's Specials.swift"; sourceTree = "<group>"; };
		921E8DAE2AA3362E0025D52E /* UITableViewEx.swift */ = {isa = PBXFileReference; fileEncoding = 4; lastKnownFileType = sourcecode.swift; path = UITableViewEx.swift; sourceTree = "<group>"; };
		921E8DAF2AA3362E0025D52E /* UIStoryboredEx.swift */ = {isa = PBXFileReference; fileEncoding = 4; lastKnownFileType = sourcecode.swift; path = UIStoryboredEx.swift; sourceTree = "<group>"; };
		921E8DB02AA3362E0025D52E /* UIViewEx.swift */ = {isa = PBXFileReference; fileEncoding = 4; lastKnownFileType = sourcecode.swift; path = UIViewEx.swift; sourceTree = "<group>"; };
		921E8DB12AA3362E0025D52E /* NSNumberEx.swift */ = {isa = PBXFileReference; fileEncoding = 4; lastKnownFileType = sourcecode.swift; path = NSNumberEx.swift; sourceTree = "<group>"; };
		921E8DB22AA3362E0025D52E /* UIColorEx.swift */ = {isa = PBXFileReference; fileEncoding = 4; lastKnownFileType = sourcecode.swift; path = UIColorEx.swift; sourceTree = "<group>"; };
		921E8DB32AA3362E0025D52E /* UIViewControllerEx.swift */ = {isa = PBXFileReference; fileEncoding = 4; lastKnownFileType = sourcecode.swift; path = UIViewControllerEx.swift; sourceTree = "<group>"; };
		921E8DB42AA3362E0025D52E /* UIResponderEx.swift */ = {isa = PBXFileReference; fileEncoding = 4; lastKnownFileType = sourcecode.swift; path = UIResponderEx.swift; sourceTree = "<group>"; };
		921E8DB52AA3362E0025D52E /* UITextField.swift */ = {isa = PBXFileReference; fileEncoding = 4; lastKnownFileType = sourcecode.swift; path = UITextField.swift; sourceTree = "<group>"; };
		921E8DB62AA3362E0025D52E /* UITabBarEx.swift */ = {isa = PBXFileReference; fileEncoding = 4; lastKnownFileType = sourcecode.swift; path = UITabBarEx.swift; sourceTree = "<group>"; };
		921E8DB72AA3362E0025D52E /* UICollectionViewEx.swift */ = {isa = PBXFileReference; fileEncoding = 4; lastKnownFileType = sourcecode.swift; path = UICollectionViewEx.swift; sourceTree = "<group>"; };
		921E8DB82AA3362E0025D52E /* UIButtonEx.swift */ = {isa = PBXFileReference; fileEncoding = 4; lastKnownFileType = sourcecode.swift; path = UIButtonEx.swift; sourceTree = "<group>"; };
		921E8DB92AA3362E0025D52E /* UIApplectionEx.swift */ = {isa = PBXFileReference; fileEncoding = 4; lastKnownFileType = sourcecode.swift; path = UIApplectionEx.swift; sourceTree = "<group>"; };
		921E8DBA2AA3362E0025D52E /* UIStringEx.swift */ = {isa = PBXFileReference; fileEncoding = 4; lastKnownFileType = sourcecode.swift; path = UIStringEx.swift; sourceTree = "<group>"; };
		921E8DBB2AA3362E0025D52E /* UIKitEx.swift */ = {isa = PBXFileReference; fileEncoding = 4; lastKnownFileType = sourcecode.swift; path = UIKitEx.swift; sourceTree = "<group>"; };
		921E8DCA2AA336A30025D52E /* MainNavigationViewController.swift */ = {isa = PBXFileReference; lastKnownFileType = sourcecode.swift; path = MainNavigationViewController.swift; sourceTree = "<group>"; };
		921E8DCE2AA358000025D52E /* OnboardingScreens.swift */ = {isa = PBXFileReference; lastKnownFileType = sourcecode.swift; path = OnboardingScreens.swift; sourceTree = "<group>"; };
		921E8DD32AA376690025D52E /* OnboardingCollectionViewCell.swift */ = {isa = PBXFileReference; lastKnownFileType = sourcecode.swift; path = OnboardingCollectionViewCell.swift; sourceTree = "<group>"; };
		921E8DD42AA376690025D52E /* OnboardingCollectionViewCell.xib */ = {isa = PBXFileReference; lastKnownFileType = file.xib; path = OnboardingCollectionViewCell.xib; sourceTree = "<group>"; };
		921E8DD92AA3BBE70025D52E /* HomeViewController.swift */ = {isa = PBXFileReference; lastKnownFileType = sourcecode.swift; path = HomeViewController.swift; sourceTree = "<group>"; };
		92821F8F2AA21429000D665D /* Yummie.app */ = {isa = PBXFileReference; explicitFileType = wrapper.application; includeInIndex = 0; path = Yummie.app; sourceTree = BUILT_PRODUCTS_DIR; };
		92821F922AA21429000D665D /* AppDelegate.swift */ = {isa = PBXFileReference; lastKnownFileType = sourcecode.swift; path = AppDelegate.swift; sourceTree = "<group>"; };
		92821F942AA21429000D665D /* SceneDelegate.swift */ = {isa = PBXFileReference; lastKnownFileType = sourcecode.swift; path = SceneDelegate.swift; sourceTree = "<group>"; };
		92821F962AA21429000D665D /* OnboardingViewController.swift */ = {isa = PBXFileReference; lastKnownFileType = sourcecode.swift; path = OnboardingViewController.swift; sourceTree = "<group>"; };
		92821F992AA21429000D665D /* Base */ = {isa = PBXFileReference; lastKnownFileType = file.storyboard; name = Base; path = Base.lproj/Main.storyboard; sourceTree = "<group>"; };
		92821F9B2AA2142B000D665D /* Assets.xcassets */ = {isa = PBXFileReference; lastKnownFileType = folder.assetcatalog; path = Assets.xcassets; sourceTree = "<group>"; };
		92821F9E2AA2142B000D665D /* Base */ = {isa = PBXFileReference; lastKnownFileType = file.storyboard; name = Base; path = Base.lproj/LaunchScreen.storyboard; sourceTree = "<group>"; };
		92821FA02AA2142B000D665D /* Info.plist */ = {isa = PBXFileReference; lastKnownFileType = text.plist.xml; path = Info.plist; sourceTree = "<group>"; };
		92F484512AA8D8CF009507BD /* PopularDishesCollectionViewCell.swift */ = {isa = PBXFileReference; lastKnownFileType = sourcecode.swift; path = PopularDishesCollectionViewCell.swift; sourceTree = "<group>"; };
		92F484522AA8D8CF009507BD /* PopularDishesCollectionViewCell.xib */ = {isa = PBXFileReference; lastKnownFileType = file.xib; path = PopularDishesCollectionViewCell.xib; sourceTree = "<group>"; };
		92F484562AA8D927009507BD /* ChefsSpecialsCollectionViewCell.swift */ = {isa = PBXFileReference; lastKnownFileType = sourcecode.swift; path = ChefsSpecialsCollectionViewCell.swift; sourceTree = "<group>"; };
		92F484572AA8D927009507BD /* ChefsSpecialsCollectionViewCell.xib */ = {isa = PBXFileReference; lastKnownFileType = file.xib; path = ChefsSpecialsCollectionViewCell.xib; sourceTree = "<group>"; };
		92F4845A2AA8DBF7009507BD /* Popular Dishes.swift */ = {isa = PBXFileReference; lastKnownFileType = sourcecode.swift; path = "Popular Dishes.swift"; sourceTree = "<group>"; };
		92FB58922AA60456001F69D0 /* FoodCategoryCollectionViewCell.swift */ = {isa = PBXFileReference; lastKnownFileType = sourcecode.swift; path = FoodCategoryCollectionViewCell.swift; sourceTree = "<group>"; };
		92FB58932AA60456001F69D0 /* FoodCategoryCollectionViewCell.xib */ = {isa = PBXFileReference; lastKnownFileType = file.xib; path = FoodCategoryCollectionViewCell.xib; sourceTree = "<group>"; };
		92FB58972AA61E2F001F69D0 /* FoodCategory.swift */ = {isa = PBXFileReference; lastKnownFileType = sourcecode.swift; path = FoodCategory.swift; sourceTree = "<group>"; };
/* End PBXFileReference section */

/* Begin PBXFrameworksBuildPhase section */
		92821F8C2AA21429000D665D /* Frameworks */ = {
			isa = PBXFrameworksBuildPhase;
			buildActionMask = 2147483647;
			files = (
				4D2EB4C168E74C146F3FCF3B /* Pods_Yummie.framework in Frameworks */,
			);
			runOnlyForDeploymentPostprocessing = 0;
		};
/* End PBXFrameworksBuildPhase section */

/* Begin PBXGroup section */
		6285391C266F571171DD756F /* Pods */ = {
			isa = PBXGroup;
			children = (
				79B0AF46650C26ACED981326 /* Pods-Yummie.debug.xcconfig */,
				2B25944BCC1F213F0A8D57E4 /* Pods-Yummie.release.xcconfig */,
			);
			path = Pods;
			sourceTree = "<group>";
		};
		920572FD2AAB7C1D00CF26D6 /* Chef's Specials */ = {
			isa = PBXGroup;
			children = (
				920572FE2AAB7C6600CF26D6 /* Chef's Specials.swift */,
			);
			path = "Chef's Specials";
			sourceTree = "<group>";
		};
		921E8DAD2AA3362E0025D52E /* Extensions */ = {
			isa = PBXGroup;
			children = (
				921E8DAE2AA3362E0025D52E /* UITableViewEx.swift */,
				921E8DAF2AA3362E0025D52E /* UIStoryboredEx.swift */,
				921E8DB02AA3362E0025D52E /* UIViewEx.swift */,
				921E8DB12AA3362E0025D52E /* NSNumberEx.swift */,
				921E8DB22AA3362E0025D52E /* UIColorEx.swift */,
				921E8DB32AA3362E0025D52E /* UIViewControllerEx.swift */,
				921E8DB42AA3362E0025D52E /* UIResponderEx.swift */,
				921E8DB52AA3362E0025D52E /* UITextField.swift */,
				921E8DB62AA3362E0025D52E /* UITabBarEx.swift */,
				921E8DB72AA3362E0025D52E /* UICollectionViewEx.swift */,
				921E8DB82AA3362E0025D52E /* UIButtonEx.swift */,
				921E8DB92AA3362E0025D52E /* UIApplectionEx.swift */,
				921E8DBA2AA3362E0025D52E /* UIStringEx.swift */,
				921E8DBB2AA3362E0025D52E /* UIKitEx.swift */,
			);
			path = Extensions;
			sourceTree = "<group>";
		};
		921E8DCC2AA337CB0025D52E /* Onboarding */ = {
			isa = PBXGroup;
			children = (
				92821F962AA21429000D665D /* OnboardingViewController.swift */,
			);
			path = Onboarding;
			sourceTree = "<group>";
		};
		921E8DCD2AA337DB0025D52E /* Xibs */ = {
			isa = PBXGroup;
			children = (
				921E8DD12AA35D610025D52E /* TableViewCell */,
				921E8DD02AA35D440025D52E /* CollectionViewCell */,
			);
			path = Xibs;
			sourceTree = "<group>";
		};
		921E8DD02AA35D440025D52E /* CollectionViewCell */ = {
			isa = PBXGroup;
			children = (
				921E8DD22AA35D6C0025D52E /* Onboarding */,
				92FB58912AA60420001F69D0 /* Food Category */,
				92F484502AA8D8B6009507BD /* Popular Dishes */,
				92F484552AA8D8D4009507BD /* Chef's Specials */,
			);
			path = CollectionViewCell;
			sourceTree = "<group>";
		};
		921E8DD12AA35D610025D52E /* TableViewCell */ = {
			isa = PBXGroup;
			children = (
			);
			path = TableViewCell;
			sourceTree = "<group>";
		};
		921E8DD22AA35D6C0025D52E /* Onboarding */ = {
			isa = PBXGroup;
			children = (
				921E8DD32AA376690025D52E /* OnboardingCollectionViewCell.swift */,
				921E8DD42AA376690025D52E /* OnboardingCollectionViewCell.xib */,
			);
			path = Onboarding;
			sourceTree = "<group>";
		};
		921E8DD72AA380A40025D52E /* Onboarding */ = {
			isa = PBXGroup;
			children = (
				921E8DCE2AA358000025D52E /* OnboardingScreens.swift */,
			);
			path = Onboarding;
			sourceTree = "<group>";
		};
		921E8DD82AA3BBC10025D52E /* Home */ = {
			isa = PBXGroup;
			children = (
				921E8DD92AA3BBE70025D52E /* HomeViewController.swift */,
			);
			path = Home;
			sourceTree = "<group>";
		};
		92821F862AA21429000D665D = {
			isa = PBXGroup;
			children = (
				92821F912AA21429000D665D /* Yummie */,
				92821F902AA21429000D665D /* Products */,
				6285391C266F571171DD756F /* Pods */,
				B9ED7ADE25847637086EC83D /* Frameworks */,
			);
			sourceTree = "<group>";
		};
		92821F902AA21429000D665D /* Products */ = {
			isa = PBXGroup;
			children = (
				92821F8F2AA21429000D665D /* Yummie.app */,
			);
			name = Products;
			sourceTree = "<group>";
		};
		92821F912AA21429000D665D /* Yummie */ = {
			isa = PBXGroup;
			children = (
				92821F922AA21429000D665D /* AppDelegate.swift */,
				92821F942AA21429000D665D /* SceneDelegate.swift */,
				92821FA62AA22469000D665D /* Storyboards */,
				92821FA72AA22482000D665D /* ViewControllers */,
				92821FA82AA22490000D665D /* WebServices */,
				92821FA92AA2249D000D665D /* Utils */,
				92821FAA2AA224BC000D665D /* Model */,
				92821FAB2AA224C6000D665D /* SupportingFiles */,
			);
			path = Yummie;
			sourceTree = "<group>";
		};
		92821FA62AA22469000D665D /* Storyboards */ = {
			isa = PBXGroup;
			children = (
				92821F982AA21429000D665D /* Main.storyboard */,
				92821F9D2AA2142B000D665D /* LaunchScreen.storyboard */,
			);
			path = Storyboards;
			sourceTree = "<group>";
		};
		92821FA72AA22482000D665D /* ViewControllers */ = {
			isa = PBXGroup;
			children = (
				921E8DCD2AA337DB0025D52E /* Xibs */,
				921E8DCA2AA336A30025D52E /* MainNavigationViewController.swift */,
				921E8DCC2AA337CB0025D52E /* Onboarding */,
				921E8DD82AA3BBC10025D52E /* Home */,
			);
			path = ViewControllers;
			sourceTree = "<group>";
		};
		92821FA82AA22490000D665D /* WebServices */ = {
			isa = PBXGroup;
			children = (
			);
			path = WebServices;
			sourceTree = "<group>";
		};
		92821FA92AA2249D000D665D /* Utils */ = {
			isa = PBXGroup;
			children = (
				921E8DAD2AA3362E0025D52E /* Extensions */,
			);
			path = Utils;
			sourceTree = "<group>";
		};
		92821FAA2AA224BC000D665D /* Model */ = {
			isa = PBXGroup;
			children = (
				920572FD2AAB7C1D00CF26D6 /* Chef's Specials */,
				92F4845C2AA8DC0B009507BD /* Popular Dishes */,
				92FB58962AA61D1F001F69D0 /* Food Category */,
				921E8DD72AA380A40025D52E /* Onboarding */,
			);
			path = Model;
			sourceTree = "<group>";
		};
		92821FAB2AA224C6000D665D /* SupportingFiles */ = {
			isa = PBXGroup;
			children = (
				92821FAC2AA2252B000D665D /* Fonts */,
				92821F9B2AA2142B000D665D /* Assets.xcassets */,
				92821FA02AA2142B000D665D /* Info.plist */,
			);
			path = SupportingFiles;
			sourceTree = "<group>";
		};
		92821FAC2AA2252B000D665D /* Fonts */ = {
			isa = PBXGroup;
			children = (
			);
			path = Fonts;
			sourceTree = "<group>";
		};
		92F484502AA8D8B6009507BD /* Popular Dishes */ = {
			isa = PBXGroup;
			children = (
				92F484512AA8D8CF009507BD /* PopularDishesCollectionViewCell.swift */,
				92F484522AA8D8CF009507BD /* PopularDishesCollectionViewCell.xib */,
			);
			path = "Popular Dishes";
			sourceTree = "<group>";
		};
		92F484552AA8D8D4009507BD /* Chef's Specials */ = {
			isa = PBXGroup;
			children = (
				92F484562AA8D927009507BD /* ChefsSpecialsCollectionViewCell.swift */,
				92F484572AA8D927009507BD /* ChefsSpecialsCollectionViewCell.xib */,
			);
			path = "Chef's Specials";
			sourceTree = "<group>";
		};
		92F4845C2AA8DC0B009507BD /* Popular Dishes */ = {
			isa = PBXGroup;
			children = (
				92F4845A2AA8DBF7009507BD /* Popular Dishes.swift */,
			);
			path = "Popular Dishes";
			sourceTree = "<group>";
		};
		92FB58912AA60420001F69D0 /* Food Category */ = {
			isa = PBXGroup;
			children = (
				92FB58922AA60456001F69D0 /* FoodCategoryCollectionViewCell.swift */,
				92FB58932AA60456001F69D0 /* FoodCategoryCollectionViewCell.xib */,
			);
			path = "Food Category";
			sourceTree = "<group>";
		};
		92FB58962AA61D1F001F69D0 /* Food Category */ = {
			isa = PBXGroup;
			children = (
				92FB58972AA61E2F001F69D0 /* FoodCategory.swift */,
			);
			path = "Food Category";
			sourceTree = "<group>";
		};
		B9ED7ADE25847637086EC83D /* Frameworks */ = {
			isa = PBXGroup;
			children = (
				8CA30EDC29CE295EADD41D8C /* Pods_Yummie.framework */,
			);
			name = Frameworks;
			sourceTree = "<group>";
		};
/* End PBXGroup section */

/* Begin PBXNativeTarget section */
		92821F8E2AA21429000D665D /* Yummie */ = {
			isa = PBXNativeTarget;
			buildConfigurationList = 92821FA32AA2142B000D665D /* Build configuration list for PBXNativeTarget "Yummie" */;
			buildPhases = (
				2B43C90E614E4325B7316649 /* [CP] Check Pods Manifest.lock */,
				92821F8B2AA21429000D665D /* Sources */,
				92821F8C2AA21429000D665D /* Frameworks */,
				92821F8D2AA21429000D665D /* Resources */,
				4646ECF8BEEFBEB75E5096B5 /* [CP] Embed Pods Frameworks */,
			);
			buildRules = (
			);
			dependencies = (
			);
			name = Yummie;
			productName = Yummie;
			productReference = 92821F8F2AA21429000D665D /* Yummie.app */;
			productType = "com.apple.product-type.application";
		};
/* End PBXNativeTarget section */

/* Begin PBXProject section */
		92821F872AA21429000D665D /* Project object */ = {
			isa = PBXProject;
			attributes = {
				BuildIndependentTargetsInParallel = 1;
				LastSwiftUpdateCheck = 1430;
				LastUpgradeCheck = 1430;
				TargetAttributes = {
					92821F8E2AA21429000D665D = {
						CreatedOnToolsVersion = 14.3.1;
					};
				};
			};
			buildConfigurationList = 92821F8A2AA21429000D665D /* Build configuration list for PBXProject "Yummie" */;
			compatibilityVersion = "Xcode 13.0";
			developmentRegion = en;
			hasScannedForEncodings = 0;
			knownRegions = (
				en,
				Base,
			);
			mainGroup = 92821F862AA21429000D665D;
			productRefGroup = 92821F902AA21429000D665D /* Products */;
			projectDirPath = "";
			projectRoot = "";
			targets = (
				92821F8E2AA21429000D665D /* Yummie */,
			);
		};
/* End PBXProject section */

/* Begin PBXResourcesBuildPhase section */
		92821F8D2AA21429000D665D /* Resources */ = {
			isa = PBXResourcesBuildPhase;
			buildActionMask = 2147483647;
			files = (
				920573002AAB813400CF26D6 /* ChefsSpecialsCollectionViewCell.xib in Resources */,
				92821F9F2AA2142B000D665D /* LaunchScreen.storyboard in Resources */,
				92FB58952AA60456001F69D0 /* FoodCategoryCollectionViewCell.xib in Resources */,
				92F484542AA8D8CF009507BD /* PopularDishesCollectionViewCell.xib in Resources */,
				92821F9C2AA2142B000D665D /* Assets.xcassets in Resources */,
				921E8DD62AA376690025D52E /* OnboardingCollectionViewCell.xib in Resources */,
				92821F9A2AA21429000D665D /* Main.storyboard in Resources */,
			);
			runOnlyForDeploymentPostprocessing = 0;
		};
/* End PBXResourcesBuildPhase section */

/* Begin PBXShellScriptBuildPhase section */
		2B43C90E614E4325B7316649 /* [CP] Check Pods Manifest.lock */ = {
			isa = PBXShellScriptBuildPhase;
			buildActionMask = 2147483647;
			files = (
			);
			inputFileListPaths = (
			);
			inputPaths = (
				"${PODS_PODFILE_DIR_PATH}/Podfile.lock",
				"${PODS_ROOT}/Manifest.lock",
			);
			name = "[CP] Check Pods Manifest.lock";
			outputFileListPaths = (
			);
			outputPaths = (
				"$(DERIVED_FILE_DIR)/Pods-Yummie-checkManifestLockResult.txt",
			);
			runOnlyForDeploymentPostprocessing = 0;
			shellPath = /bin/sh;
			shellScript = "diff \"${PODS_PODFILE_DIR_PATH}/Podfile.lock\" \"${PODS_ROOT}/Manifest.lock\" > /dev/null\nif [ $? != 0 ] ; then\n    # print error to STDERR\n    echo \"error: The sandbox is not in sync with the Podfile.lock. Run 'pod install' or update your CocoaPods installation.\" >&2\n    exit 1\nfi\n# This output is used by Xcode 'outputs' to avoid re-running this script phase.\necho \"SUCCESS\" > \"${SCRIPT_OUTPUT_FILE_0}\"\n";
			showEnvVarsInLog = 0;
		};
		4646ECF8BEEFBEB75E5096B5 /* [CP] Embed Pods Frameworks */ = {
			isa = PBXShellScriptBuildPhase;
			buildActionMask = 2147483647;
			files = (
			);
			inputFileListPaths = (
				"${PODS_ROOT}/Target Support Files/Pods-Yummie/Pods-Yummie-frameworks-${CONFIGURATION}-input-files.xcfilelist",
			);
			name = "[CP] Embed Pods Frameworks";
			outputFileListPaths = (
				"${PODS_ROOT}/Target Support Files/Pods-Yummie/Pods-Yummie-frameworks-${CONFIGURATION}-output-files.xcfilelist",
			);
			runOnlyForDeploymentPostprocessing = 0;
			shellPath = /bin/sh;
			shellScript = "\"${PODS_ROOT}/Target Support Files/Pods-Yummie/Pods-Yummie-frameworks.sh\"\n";
			showEnvVarsInLog = 0;
		};
/* End PBXShellScriptBuildPhase section */

/* Begin PBXSourcesBuildPhase section */
		92821F8B2AA21429000D665D /* Sources */ = {
			isa = PBXSourcesBuildPhase;
			buildActionMask = 2147483647;
			files = (
				921E8DBF2AA3362E0025D52E /* NSNumberEx.swift in Sources */,
				921E8DCF2AA358000025D52E /* OnboardingScreens.swift in Sources */,
				92F484532AA8D8CF009507BD /* PopularDishesCollectionViewCell.swift in Sources */,
				921E8DCB2AA336A30025D52E /* MainNavigationViewController.swift in Sources */,
				921E8DC52AA3362E0025D52E /* UICollectionViewEx.swift in Sources */,
				921E8DBC2AA3362E0025D52E /* UITableViewEx.swift in Sources */,
				921E8DDA2AA3BBE70025D52E /* HomeViewController.swift in Sources */,
				921E8DBD2AA3362E0025D52E /* UIStoryboredEx.swift in Sources */,
				921E8DC32AA3362E0025D52E /* UITextField.swift in Sources */,
				920572FF2AAB7C6600CF26D6 /* Chef's Specials.swift in Sources */,
				921E8DD52AA376690025D52E /* OnboardingCollectionViewCell.swift in Sources */,
				921E8DC92AA3362E0025D52E /* UIKitEx.swift in Sources */,
				921E8DC12AA3362E0025D52E /* UIViewControllerEx.swift in Sources */,
				92821F972AA21429000D665D /* OnboardingViewController.swift in Sources */,
				921E8DC42AA3362E0025D52E /* UITabBarEx.swift in Sources */,
				921E8DC02AA3362E0025D52E /* UIColorEx.swift in Sources */,
				92FB58982AA61E2F001F69D0 /* FoodCategory.swift in Sources */,
				92821F932AA21429000D665D /* AppDelegate.swift in Sources */,
				921E8DC62AA3362E0025D52E /* UIButtonEx.swift in Sources */,
				92F4845B2AA8DBF7009507BD /* Popular Dishes.swift in Sources */,
				921E8DC22AA3362E0025D52E /* UIResponderEx.swift in Sources */,
				92821F952AA21429000D665D /* SceneDelegate.swift in Sources */,
				92FB58942AA60456001F69D0 /* FoodCategoryCollectionViewCell.swift in Sources */,
				921E8DC82AA3362E0025D52E /* UIStringEx.swift in Sources */,
				92F484582AA8D927009507BD /* ChefsSpecialsCollectionViewCell.swift in Sources */,
				921E8DBE2AA3362E0025D52E /* UIViewEx.swift in Sources */,
				921E8DC72AA3362E0025D52E /* UIApplectionEx.swift in Sources */,
			);
			runOnlyForDeploymentPostprocessing = 0;
		};
/* End PBXSourcesBuildPhase section */

/* Begin PBXVariantGroup section */
		92821F982AA21429000D665D /* Main.storyboard */ = {
			isa = PBXVariantGroup;
			children = (
				92821F992AA21429000D665D /* Base */,
			);
			name = Main.storyboard;
			sourceTree = "<group>";
		};
		92821F9D2AA2142B000D665D /* LaunchScreen.storyboard */ = {
			isa = PBXVariantGroup;
			children = (
				92821F9E2AA2142B000D665D /* Base */,
			);
			name = LaunchScreen.storyboard;
			sourceTree = "<group>";
		};
/* End PBXVariantGroup section */

/* Begin XCBuildConfiguration section */
		92821FA12AA2142B000D665D /* Debug */ = {
			isa = XCBuildConfiguration;
			buildSettings = {
				ALWAYS_SEARCH_USER_PATHS = NO;
				CLANG_ANALYZER_NONNULL = YES;
				CLANG_ANALYZER_NUMBER_OBJECT_CONVERSION = YES_AGGRESSIVE;
				CLANG_CXX_LANGUAGE_STANDARD = "gnu++20";
				CLANG_ENABLE_MODULES = YES;
				CLANG_ENABLE_OBJC_ARC = YES;
				CLANG_ENABLE_OBJC_WEAK = YES;
				CLANG_WARN_BLOCK_CAPTURE_AUTORELEASING = YES;
				CLANG_WARN_BOOL_CONVERSION = YES;
				CLANG_WARN_COMMA = YES;
				CLANG_WARN_CONSTANT_CONVERSION = YES;
				CLANG_WARN_DEPRECATED_OBJC_IMPLEMENTATIONS = YES;
				CLANG_WARN_DIRECT_OBJC_ISA_USAGE = YES_ERROR;
				CLANG_WARN_DOCUMENTATION_COMMENTS = YES;
				CLANG_WARN_EMPTY_BODY = YES;
				CLANG_WARN_ENUM_CONVERSION = YES;
				CLANG_WARN_INFINITE_RECURSION = YES;
				CLANG_WARN_INT_CONVERSION = YES;
				CLANG_WARN_NON_LITERAL_NULL_CONVERSION = YES;
				CLANG_WARN_OBJC_IMPLICIT_RETAIN_SELF = YES;
				CLANG_WARN_OBJC_LITERAL_CONVERSION = YES;
				CLANG_WARN_OBJC_ROOT_CLASS = YES_ERROR;
				CLANG_WARN_QUOTED_INCLUDE_IN_FRAMEWORK_HEADER = YES;
				CLANG_WARN_RANGE_LOOP_ANALYSIS = YES;
				CLANG_WARN_STRICT_PROTOTYPES = YES;
				CLANG_WARN_SUSPICIOUS_MOVE = YES;
				CLANG_WARN_UNGUARDED_AVAILABILITY = YES_AGGRESSIVE;
				CLANG_WARN_UNREACHABLE_CODE = YES;
				CLANG_WARN__DUPLICATE_METHOD_MATCH = YES;
				COPY_PHASE_STRIP = NO;
				DEBUG_INFORMATION_FORMAT = dwarf;
				ENABLE_STRICT_OBJC_MSGSEND = YES;
				ENABLE_TESTABILITY = YES;
				GCC_C_LANGUAGE_STANDARD = gnu11;
				GCC_DYNAMIC_NO_PIC = NO;
				GCC_NO_COMMON_BLOCKS = YES;
				GCC_OPTIMIZATION_LEVEL = 0;
				GCC_PREPROCESSOR_DEFINITIONS = (
					"DEBUG=1",
					"$(inherited)",
				);
				GCC_WARN_64_TO_32_BIT_CONVERSION = YES;
				GCC_WARN_ABOUT_RETURN_TYPE = YES_ERROR;
				GCC_WARN_UNDECLARED_SELECTOR = YES;
				GCC_WARN_UNINITIALIZED_AUTOS = YES_AGGRESSIVE;
				GCC_WARN_UNUSED_FUNCTION = YES;
				GCC_WARN_UNUSED_VARIABLE = YES;
				IPHONEOS_DEPLOYMENT_TARGET = 13.0;
				MTL_ENABLE_DEBUG_INFO = INCLUDE_SOURCE;
				MTL_FAST_MATH = YES;
				ONLY_ACTIVE_ARCH = YES;
				SDKROOT = iphoneos;
				SWIFT_ACTIVE_COMPILATION_CONDITIONS = DEBUG;
				SWIFT_OPTIMIZATION_LEVEL = "-Onone";
			};
			name = Debug;
		};
		92821FA22AA2142B000D665D /* Release */ = {
			isa = XCBuildConfiguration;
			buildSettings = {
				ALWAYS_SEARCH_USER_PATHS = NO;
				CLANG_ANALYZER_NONNULL = YES;
				CLANG_ANALYZER_NUMBER_OBJECT_CONVERSION = YES_AGGRESSIVE;
				CLANG_CXX_LANGUAGE_STANDARD = "gnu++20";
				CLANG_ENABLE_MODULES = YES;
				CLANG_ENABLE_OBJC_ARC = YES;
				CLANG_ENABLE_OBJC_WEAK = YES;
				CLANG_WARN_BLOCK_CAPTURE_AUTORELEASING = YES;
				CLANG_WARN_BOOL_CONVERSION = YES;
				CLANG_WARN_COMMA = YES;
				CLANG_WARN_CONSTANT_CONVERSION = YES;
				CLANG_WARN_DEPRECATED_OBJC_IMPLEMENTATIONS = YES;
				CLANG_WARN_DIRECT_OBJC_ISA_USAGE = YES_ERROR;
				CLANG_WARN_DOCUMENTATION_COMMENTS = YES;
				CLANG_WARN_EMPTY_BODY = YES;
				CLANG_WARN_ENUM_CONVERSION = YES;
				CLANG_WARN_INFINITE_RECURSION = YES;
				CLANG_WARN_INT_CONVERSION = YES;
				CLANG_WARN_NON_LITERAL_NULL_CONVERSION = YES;
				CLANG_WARN_OBJC_IMPLICIT_RETAIN_SELF = YES;
				CLANG_WARN_OBJC_LITERAL_CONVERSION = YES;
				CLANG_WARN_OBJC_ROOT_CLASS = YES_ERROR;
				CLANG_WARN_QUOTED_INCLUDE_IN_FRAMEWORK_HEADER = YES;
				CLANG_WARN_RANGE_LOOP_ANALYSIS = YES;
				CLANG_WARN_STRICT_PROTOTYPES = YES;
				CLANG_WARN_SUSPICIOUS_MOVE = YES;
				CLANG_WARN_UNGUARDED_AVAILABILITY = YES_AGGRESSIVE;
				CLANG_WARN_UNREACHABLE_CODE = YES;
				CLANG_WARN__DUPLICATE_METHOD_MATCH = YES;
				COPY_PHASE_STRIP = NO;
				DEBUG_INFORMATION_FORMAT = "dwarf-with-dsym";
				ENABLE_NS_ASSERTIONS = NO;
				ENABLE_STRICT_OBJC_MSGSEND = YES;
				GCC_C_LANGUAGE_STANDARD = gnu11;
				GCC_NO_COMMON_BLOCKS = YES;
				GCC_WARN_64_TO_32_BIT_CONVERSION = YES;
				GCC_WARN_ABOUT_RETURN_TYPE = YES_ERROR;
				GCC_WARN_UNDECLARED_SELECTOR = YES;
				GCC_WARN_UNINITIALIZED_AUTOS = YES_AGGRESSIVE;
				GCC_WARN_UNUSED_FUNCTION = YES;
				GCC_WARN_UNUSED_VARIABLE = YES;
				IPHONEOS_DEPLOYMENT_TARGET = 13.0;
				MTL_ENABLE_DEBUG_INFO = NO;
				MTL_FAST_MATH = YES;
				SDKROOT = iphoneos;
				SWIFT_COMPILATION_MODE = wholemodule;
				SWIFT_OPTIMIZATION_LEVEL = "-O";
				VALIDATE_PRODUCT = YES;
			};
			name = Release;
		};
		92821FA42AA2142B000D665D /* Debug */ = {
			isa = XCBuildConfiguration;
			baseConfigurationReference = 79B0AF46650C26ACED981326 /* Pods-Yummie.debug.xcconfig */;
			buildSettings = {
				ASSETCATALOG_COMPILER_APPICON_NAME = AppIcon;
				ASSETCATALOG_COMPILER_GLOBAL_ACCENT_COLOR_NAME = AccentColor;
				CODE_SIGN_STYLE = Automatic;
				CURRENT_PROJECT_VERSION = 1;
				DEVELOPMENT_TEAM = 988B9VT687;
				GENERATE_INFOPLIST_FILE = YES;
				INFOPLIST_FILE = Yummie/SupportingFiles/Info.plist;
				INFOPLIST_KEY_UIApplicationSupportsIndirectInputEvents = YES;
				INFOPLIST_KEY_UILaunchStoryboardName = LaunchScreen;
				INFOPLIST_KEY_UIMainStoryboardFile = Main;
				INFOPLIST_KEY_UISupportedInterfaceOrientations_iPad = "UIInterfaceOrientationPortrait UIInterfaceOrientationPortraitUpsideDown UIInterfaceOrientationLandscapeLeft UIInterfaceOrientationLandscapeRight";
				INFOPLIST_KEY_UISupportedInterfaceOrientations_iPhone = "UIInterfaceOrientationPortrait UIInterfaceOrientationLandscapeLeft UIInterfaceOrientationLandscapeRight";
				LD_RUNPATH_SEARCH_PATHS = (
					"$(inherited)",
					"@executable_path/Frameworks",
				);
				MARKETING_VERSION = 1.0;
				PRODUCT_BUNDLE_IDENTIFIER = IOS.Yummie;
				PRODUCT_NAME = "$(TARGET_NAME)";
				SWIFT_EMIT_LOC_STRINGS = YES;
				SWIFT_VERSION = 5.0;
				TARGETED_DEVICE_FAMILY = "1,2";
			};
			name = Debug;
		};
		92821FA52AA2142B000D665D /* Release */ = {
			isa = XCBuildConfiguration;
			baseConfigurationReference = 2B25944BCC1F213F0A8D57E4 /* Pods-Yummie.release.xcconfig */;
			buildSettings = {
				ASSETCATALOG_COMPILER_APPICON_NAME = AppIcon;
				ASSETCATALOG_COMPILER_GLOBAL_ACCENT_COLOR_NAME = AccentColor;
				CODE_SIGN_STYLE = Automatic;
				CURRENT_PROJECT_VERSION = 1;
				DEVELOPMENT_TEAM = 988B9VT687;
				GENERATE_INFOPLIST_FILE = YES;
				INFOPLIST_FILE = Yummie/SupportingFiles/Info.plist;
				INFOPLIST_KEY_UIApplicationSupportsIndirectInputEvents = YES;
				INFOPLIST_KEY_UILaunchStoryboardName = LaunchScreen;
				INFOPLIST_KEY_UIMainStoryboardFile = Main;
				INFOPLIST_KEY_UISupportedInterfaceOrientations_iPad = "UIInterfaceOrientationPortrait UIInterfaceOrientationPortraitUpsideDown UIInterfaceOrientationLandscapeLeft UIInterfaceOrientationLandscapeRight";
				INFOPLIST_KEY_UISupportedInterfaceOrientations_iPhone = "UIInterfaceOrientationPortrait UIInterfaceOrientationLandscapeLeft UIInterfaceOrientationLandscapeRight";
				LD_RUNPATH_SEARCH_PATHS = (
					"$(inherited)",
					"@executable_path/Frameworks",
				);
				MARKETING_VERSION = 1.0;
				PRODUCT_BUNDLE_IDENTIFIER = IOS.Yummie;
				PRODUCT_NAME = "$(TARGET_NAME)";
				SWIFT_EMIT_LOC_STRINGS = YES;
				SWIFT_VERSION = 5.0;
				TARGETED_DEVICE_FAMILY = "1,2";
			};
			name = Release;
		};
/* End XCBuildConfiguration section */

/* Begin XCConfigurationList section */
		92821F8A2AA21429000D665D /* Build configuration list for PBXProject "Yummie" */ = {
			isa = XCConfigurationList;
			buildConfigurations = (
				92821FA12AA2142B000D665D /* Debug */,
				92821FA22AA2142B000D665D /* Release */,
			);
			defaultConfigurationIsVisible = 0;
			defaultConfigurationName = Release;
		};
		92821FA32AA2142B000D665D /* Build configuration list for PBXNativeTarget "Yummie" */ = {
			isa = XCConfigurationList;
			buildConfigurations = (
				92821FA42AA2142B000D665D /* Debug */,
				92821FA52AA2142B000D665D /* Release */,
			);
			defaultConfigurationIsVisible = 0;
			defaultConfigurationName = Release;
		};
/* End XCConfigurationList section */
	};
	rootObject = 92821F872AA21429000D665D /* Project object */;
}
